# THIS IS AN AUTOGENERATED FILE. DO NOT EDIT THIS FILE DIRECTLY.
# yarn lockfile v1


nodejs-nodemailer-outlook@^1.2.1:
  version "1.2.1"
  resolved "https://registry.yarnpkg.com/nodejs-nodemailer-outlook/-/nodejs-nodemailer-outlook-1.2.1.tgz#634d094bf1487a657266265151f65e445eca23f6"
  integrity sha512-n+m9Q7460bbD9hELCmUsepf1Nc0Awj9N1uzkgCQ/OBxVDFw2jMvb/czgAYnw3gWe10Agx3a7LNFGwSQoc8NDWQ==
  dependencies:
    nodemailer "^4.4.1"

nodemailer@^4.4.1:
  version "4.7.0"
  resolved "https://registry.yarnpkg.com/nodemailer/-/nodemailer-4.7.0.tgz#4420e06abfffd77d0618f184ea49047db84f4ad8"
  integrity sha512-IludxDypFpYw4xpzKdMAozBSkzKHmNBvGanUREjJItgJ2NYcK/s8+PggVhj7c2yGFQykKsnnmv1+Aqo0ZfjHmw==
